
Microsoft Visual Studio Solution File, Format Version 12.00
# Visual Studio Version 16
VisualStudioVersion = 16.0.30204.135
MinimumVisualStudioVersion = 10.0.40219.1
Project("{FAE04EC0-301F-11D3-BF4B-00C04F79EFBC}") = "RelatedCompanies", "RelatedCompanies\RelatedCompanies.csproj", "{11299326-E260-4101-9193-995A93FA32D6}"
EndProject
Global
	GlobalSection(SolutionConfigurationPlatforms) = preSolution
		Debug|Any CPU = Debug|Any CPU
		Release|Any CPU = Release|Any CPU
	EndGlobalSection
	GlobalSection(ProjectConfigurationPlatforms) = postSolution
		{11299326-E260-4101-9193-995A93FA32D6}.Debug|Any CPU.ActiveCfg = Debug|Any CPU
		{11299326-E260-4101-9193-995A93FA32D6}.Debug|Any CPU.Build.0 = Debug|Any CPU
		{11299326-E260-4101-9193-995A93FA32D6}.Release|Any CPU.ActiveCfg = Release|Any CPU
		{11299326-E260-4101-9193-995A93FA32D6}.Release|Any CPU.Build.0 = Release|Any CPU
	EndGlobalSection
	GlobalSection(SolutionProperties) = preSolution
		HideSolutionNode = FALSE
	EndGlobalSection
	GlobalSection(ExtensibilityGlobals) = postSolution
		SolutionGuid = {464FFE07-9657-48EF-9B85-2D801DE23237}
	EndGlobalSection
EndGlobal
